{
  "name": "ng-crypto",
  "version": "0.0.0",
  "lockfileVersion": 2,
  "requires": true,
  "packages": {
    "": {
      "name": "ng-crypto",
      "version": "0.0.0",
      "dependencies": {
        "@angular/animations": "^15.1.4",
        "@angular/cdk": "^15.1.4",
        "@angular/common": "^15.1.4",
        "@angular/compiler": "^15.1.4",
        "@angular/core": "^15.1.4",
        "@angular/fire": "^7.5.0",
        "@angular/forms": "^15.1.4",
        "@angular/material": "^15.1.4",
        "@angular/platform-browser": "^15.1.4",
        "@angular/platform-browser-dynamic": "^15.1.4",
        "@angular/router": "^15.1.4",
        "bootstrap": "^5.0.1",
        "firebase": "^9.23.0",
        "firebase-admin": "^11.9.0",
        "firebase-functions": "^4.4.1",
        "firebaseui": "^6.0.2",
        "firebaseui-angular": "^6.1.3",
        "rxjs": "^7.5.7",
        "tslib": "^2.1.0",
        "zone.js": "~0.11.4"
      },
      "devDependencies": {
        "@angular-devkit/build-angular": "^15.1.5",
        "@angular/cli": "^15.1.5",
        "@angular/compiler-cli": "^15.1.4",
        "@types/jasmine": "^4.3.0",
        "@types/node": "^18.8.3",
        "jasmine-core": "^4.4.0",
        "karma": "^6.4.1",
        "karma-chrome-launcher": "~3.1.0",
        "karma-coverage": "^2.2.0",
        "karma-jasmine": "^5.1.0",
        "karma-jasmine-html-reporter": "^2.0.0",
        "typescript": "~4.8.4"
      }
    },
    "node_modules/@ampproject/remapping": {
      "version": "2.2.0",
      "resolved": "https://registry.npmjs.org/@ampproject/remapping/-/remapping-2.2.0.tgz",
      "integrity": "sha512-qRmjj8nj9qmLTQXXmaR1cck3UXSRMPrbsLJAasZpF+t3riI71BXed5ebIOYwQntykeZuhjsdweEc9BxH5Jc26w==",
      "dev": true,
      "dependencies": {
        "@jridgewell/gen-mapping": "^0.1.0",
        "@jridgewell/trace-mapping": "^0.3.9"
      },
      "engines": {
        "node": ">=6.0.0"
      }
    },
    "node_modules/@angular-devkit/architect": {
      "version": "0.1502.8",
      "resolved": "https://registry.npmjs.org/@angular-devkit/architect/-/architect-0.1502.8.tgz",
      "integrity": "sha512-rTltw2ABHrcKc8EGimALvXmrDTP5hlNbEy6nYolJoXEI9EwHgriWrVLVPs3OEF+/ed47dbJi9EGOXUOgzgpB5A==",
      "dev": true,
      "dependencies": {
        "@angular-devkit/core": "15.2.8",
        "rxjs": "6.6.7"
      },
      "engines": {
        "node": "^14.20.0 || ^16.13.0 || >=18.10.0",
        "npm": "^6.11.0 || ^7.5.6 || >=8.0.0",
        "yarn": ">= 1.13.0"
      }
    },
    "node_modules/@angular-devkit/architect/node_modules/rxjs": {
      "version": "6.6.7",
      "resolved": "https://registry.npmjs.org/rxjs/-/rxjs-6.6.7.tgz",
      "integrity": "sha512-hTdwr+7yYNIT5n4AMYp85KA6yw2Va0FLa3Rguvbpa4W3I5xynaBZo41cM3XM+4Q6fRMj3sBYIR1VAmZMXYJvRQ==",
      "dev": true,
      "dependencies": {
        "tslib": "^1.9.0"
      },
      "engines": {
        "npm": ">=2.0.0"
      }
    },
    "node_modules/@angular-devkit/architect/node_modules/tslib": {
      "version": "1.14.1",
      "resolved": "https://registry.npmjs.org/tslib/-/tslib-1.14.1.tgz",
      "integrity": "sha512-Xni35NKzjgMrwevysHTCArtLDpPvye8zV/0E4EyYn43P7/7qvQwPh9BGkHewbMulVntbigmcT7rdX3BNo9wRJg==",
      "dev": true
    },
    "node_modules/@angular-devkit/build-angular": {
      "version": "15.2.8",
      "resolved": "https://registry.npmjs.org/@angular-devkit/build-angular/-/build-angular-15.2.8.tgz",
      "integrity": "sha512-TGDnXhhOG6h6TOrWWzfnkha7wYBOXi7iJc1o1w1VKCayE3T6TZZdF847aK66vL9KG7AKYVdGhWEGw2WBHUBUpg==",
      "dev": true,
      "dependencies": {
        "@ampproject/remapping": "2.2.0",
        "@angular-devkit/architect": "0.1502.8",
        "@angular-devkit/build-webpack": "0.1502.8",
        "@angular-devkit/core": "15.2.8",
        "@babel/core": "7.20.12",
        "@babel/generator": "7.20.14",
        "@babel/helper-annotate-as-pure": "7.18.6",
        "@babel/helper-split-export-declaration": "7.18.6",
        "@babel/plugin-proposal-async-generator-functions": "7.20.7",
        "@babel/plugin-transform-async-to-generator": "7.20.7",
        "@babel/plugin-transform-runtime": "7.19.6",
        "@babel/preset-env": "7.20.2",
        "@babel/runtime": "7.20.13",
        "@babel/template": "7.20.7",
        "@discoveryjs/json-ext": "0.5.7",
        "@ngtools/webpack": "15.2.8",
        "ansi-colors": "4.1.3",
        "autoprefixer": "10.4.13",
        "babel-loader": "9.1.2",
        "babel-plugin-istanbul": "6.1.1",
        "browserslist": "4.21.5",
        "cacache": "17.0.4",
        "chokidar": "3.5.3",
        "copy-webpack-plugin": "11.0.0",
        "critters": "0.0.16",
        "css-loader": "6.7.3",
        "esbuild-wasm": "0.17.8",
        "glob": "8.1.0",
        "https-proxy-agent": "5.0.1",
        "inquirer": "8.2.4",
        "jsonc-parser": "3.2.0",
        "karma-source-map-support": "1.4.0",
        "less": "4.1.3",
        "less-loader": "11.1.0",
        "license-webpack-plugin": "4.0.2",
        "loader-utils": "3.2.1",
        "magic-string": "0.29.0",
        "mini-css-extract-plugin": "2.7.2",
        "open": "8.4.1",
        "ora": "5.4.1",
        "parse5-html-rewriting-stream": "7.0.0",
        "piscina": "3.2.0",
        "postcss": "8.4.21",
        "postcss-loader": "7.0.2",
        "resolve-url-loader": "5.0.0",
        "rxjs": "6.6.7",
        "sass": "1.58.1",
        "sass-loader": "13.2.0",
        "semver": "7.3.8",
        "source-map-loader": "4.0.1",
        "source-map-support": "0.5.21",
        "terser": "5.16.3",
        "text-table": "0.2.0",
        "tree-kill": "1.2.2",
        "tslib": "2.5.0",
        "webpack": "5.76.1",
        "webpack-dev-middleware": "6.0.1",
        "webpack-dev-server": "4.11.1",
        "webpack-merge": "5.8.0",
        "webpack-subresource-integrity": "5.1.0"
      },
      "engines": {
        "node": "^14.20.0 || ^16.13.0 || >=18.10.0",
        "npm": "^6.11.0 || ^7.5.6 || >=8.0.0",
        "yarn": ">= 1.13.0"
      },
      "optionalDependencies": {
        "esbuild": "0.17.8"
      },
      "peerDependencies": {
        "@angular/compiler-cli": "^15.0.0",
        "@angular/localize": "^15.0.0",
        "@angular/platform-server": "^15.0.0",
        "@angular/service-worker": "^15.0.0",
        "karma": "^6.3.0",
        "ng-packagr": "^15.0.0",
        "protractor": "^7.0.0",
        "tailwindcss": "^2.0.0 || ^3.0.0",
        "typescript": ">=4.8.2 <5.0"
      },
      "peerDependenciesMeta": {
        "@angular/localize": {
          "optional": true
        },
        "@angular/platform-server": {
          "optional": true
        },
        "@angular/service-worker": {
          "optional": true
        },
        "karma": {
          "optional": true
        },
        "ng-packagr": {
          "optional": true
        },
        "protractor": {
          "optional": true
        },
        "tailwindcss": {
          "optional": true
        }
      }
    },
    "node_modules/@angular-devkit/build-angular/node_modules/rxjs": {
      "version": "6.6.7",
      "resolved": "https://registry.npmjs.org/rxjs/-/rxjs-6.6.7.tgz",
      "integrity": "sha512-hTdwr+7yYNIT5n4AMYp85KA6yw2Va0FLa3Rguvbpa4W3I5xynaBZo41cM3XM+4Q6fRMj3sBYIR1VAmZMXYJvRQ==",
      "dev": true,
      "dependencies": {
        "tslib": "^1.9.0"
      },
      "engines": {
        "npm": ">=2.0.0"
      }
    },
    "node_modules/@angular-devkit/build-angular/node_modules/rxjs/node_modules/tslib": {
      "version": "1.14.1",
      "resolved": "https://registry.npmjs.org/tslib/-/tslib-1.14.1.tgz",
      "integrity": "sha512-Xni35NKzjgMrwevysHTCArtLDpPvye8zV/0E4EyYn43P7/7qvQwPh9BGkHewbMulVntbigmcT7rdX3BNo9wRJg==",
      "dev": true
    },
    "node_modules/@angular-devkit/build-angular/node_modules/tslib": {
      "version": "2.5.0",
      "resolved": "https://registry.npmjs.org/tslib/-/tslib-2.5.0.tgz",
      "integrity": "sha512-336iVw3rtn2BUK7ORdIAHTyxHGRIHVReokCR3XjbckJMK7ms8FysBfhLR8IXnAgy7T0PTPNBWKiH514FOW/WSg==",
      "dev": true
    },
    "node_modules/@angular-devkit/build-webpack": {
      "version": "0.1502.8",
      "resolved": "https://registry.npmjs.org/@angular-devkit/build-webpack/-/build-webpack-0.1502.8.tgz",
      "integrity": "sha512-jWtNv+S03FFLDe/C8SPCcRvkz3bSb2R+919IT086Q9axIPQ1VowOEwzt2k3qXPSSrC7GSYuASM+X92dB47NTQQ==",
      "dev": true,
      "dependencies": {
        "@angular-devkit/architect": "0.1502.8",
        "rxjs": "6.6.7"
      },
      "engines": {
        "node": "^14.20.0 || ^16.13.0 || >=18.10.0",
        "npm": "^6.11.0 || ^7.5.6 || >=8.0.0",
        "yarn": ">= 1.13.0"
      },
      "peerDependencies": {
        "webpack": "^5.30.0",
        "webpack-dev-server": "^4.0.0"
      }
    },
    "node_modules/@angular-devkit/build-webpack/node_modules/rxjs": {
      "version": "6.6.7",
      "resolved": "https://registry.npmjs.org/rxjs/-/rxjs-6.6.7.tgz",
      "integrity": "sha512-hTdwr+7yYNIT5n4AMYp85KA6yw2Va0FLa3Rguvbpa4W3I5xynaBZo41cM3XM+4Q6fRMj3sBYIR1VAmZMXYJvRQ==",
      "dev": true,
      "dependencies": {
        "tslib": "^1.9.0"
      },
      "engines": {
        "npm": ">=2.0.0"
      }
    },
    "node_modules/@angular-devkit/build-webpack/node_modules/tslib": {
      "version": "1.14.1",
      "resolved": "https://registry.npmjs.org/tslib/-/tslib-1.14.1.tgz",
      "integrity": "sha512-Xni35NKzjgMrwevysHTCArtLDpPvye8zV/0E4EyYn43P7/7qvQwPh9BGkHewbMulVntbigmcT7rdX3BNo9wRJg==",
      "dev": true
    },
    "node_modules/@angular-devkit/core": {
      "version": "15.2.8",
      "resolved": "https://registry.npmjs.org/@angular-devkit/core/-/core-15.2.8.tgz",
      "integrity": "sha512-Lo4XrbDMtXarKnMrFgWLmQdSX+3QPNAg4otG8cmp/U4jJyjV4dAYKEAsb1sCNGUSM4h4v09EQU/5ugVjDU29lQ==",
      "dependencies": {
        "ajv": "8.12.0",
        "ajv-formats": "2.1.1",
        "jsonc-parser": "3.2.0",
        "rxjs": "6.6.7",
        "source-map": "0.7.4"
      },
      "engines": {
        "node": "^14.20.0 || ^16.13.0 || >=18.10.0",
        "npm": "^6.11.0 || ^7.5.6 || >=8.0.0",
        "yarn": ">= 1.13.0"
      },
      "peerDependencies": {
        "chokidar": "^3.5.2"
      },
      "peerDependenciesMeta": {
        "chokidar": {
          "optional": true
        }
      }
    },
    "node_modules/@angular-devkit/core/node_modules/rxjs": {
      "version": "6.6.7",
      "resolved": "https://registry.npmjs.org/rxjs/-/rxjs-6.6.7.tgz",
      "integrity": "sha512-hTdwr+7yYNIT5n4AMYp85KA6yw2Va0FLa3Rguvbpa4W3I5xynaBZo41cM3XM+4Q6fRMj3sBYIR1VAmZMXYJvRQ==",
      "dependencies": {
        "tslib": "^1.9.0"
      },
      "engines": {
        "npm": ">=2.0.0"
      }
    },
    "node_modules/@angular-devkit/core/node_modules/tslib": {
      "version": "1.14.1",
      "resolved": "https://registry.npmjs.org/tslib/-/tslib-1.14.1.tgz",
      "integrity": "sha512-Xni35NKzjgMrwevysHTCArtLDpPvye8zV/0E4EyYn43P7/7qvQwPh9BGkHewbMulVntbigmcT7rdX3BNo9wRJg=="
    },
    "node_modules/@angular-devkit/schematics": {
      "version": "15.2.8",
      "resolved": "https://registry.npmjs.org/@angular-devkit/schematics/-/schematics-15.2.8.tgz",
      "integrity": "sha512-w6EUGC96kVsH9f8sEzajzbONMawezyVBiSo+JYp5r25rQArAz/a+KZntbuETWHQ0rQOEsKmUNKxwmr11BaptSQ==",
      "dependencies": {
        "@angular-devkit/core": "15.2.8",
        "jsonc-parser": "3.2.0",
        "magic-string": "0.29.0",
        "ora": "5.4.1",
        "rxjs": "6.6.7"
      },
      "engines": {
        "node": "^14.20.0 || ^16.13.0 || >=18.10.0",
        "npm": "^6.11.0 || ^7.5.6 || >=8.0.0",
        "yarn": ">= 1.13.0"
      }
    },
    "node_modules/@angular-devkit/schematics/node_modules/rxjs": {
      "version": "6.6.7",
      "resolved": "https://registry.npmjs.org/rxjs/-/rxjs-6.6.7.tgz",
      "integrity": "sha512-hTdwr+7yYNIT5n4AMYp85KA6yw2Va0FLa3Rguvbpa4W3I5xynaBZo41cM3XM+4Q6fRMj3sBYIR1VAmZMXYJvRQ==",
      "dependencies": {
        "tslib": "^1.9.0"
      },
      "engines": {
        "npm": ">=2.0.0"
      }
    },
    "node_modules/@angular-devkit/schematics/node_modules/tslib": {
      "version": "1.14.1",
      "resolved": "https://registry.npmjs.org/tslib/-/tslib-1.14.1.tgz",
      "integrity": "sha512-Xni35NKzjgMrwevysHTCArtLDpPvye8zV/0E4EyYn43P7/7qvQwPh9BGkHewbMulVntbigmcT7rdX3BNo9wRJg=="
    },
    "node_modules/@angular/animations": {
      "version": "15.2.9",
      "resolved": "https://registry.npmjs.org/@angular/animations/-/animations-15.2.9.tgz",
      "integrity": "sha512-GQujLhI0cQFcl4Q8y0oSYKSRnW23GIeSL+Arl4eFufziJ9hGAAQNuesaNs/7i+9UlTHDMkPH3kd5ScXuYYz6wg==",
      "dependencies": {
        "tslib": "^2.3.0"
      },
      "engines": {
        "node": "^14.20.0 || ^16.13.0 || >=18.10.0"
      },
      "peerDependencies": {
        "@angular/core": "15.2.9"
      }
    },
    "node_modules/@angular/cdk": {
      "version": "15.2.9",
      "resolved": "https://registry.npmjs.org/@angular/cdk/-/cdk-15.2.9.tgz",
      "integrity": "sha512-koaM07N1AIQ5oHU27l0/FoQSSoYAwlAYwVZ4Di3bYrJsTBNCN2Xsby7wI8gZxdepMnV4Fe9si382BDBov+oO4Q==",
      "dependencies": {
        "tslib": "^2.3.0"
      },
      "optionalDependencies": {
        "parse5": "^7.1.2"
      },
      "peerDependencies": {
        "@angular/common": "^15.0.0 || ^16.0.0",
        "@angular/core": "^15.0.0 || ^16.0.0",
        "rxjs": "^6.5.3 || ^7.4.0"
      }
    },
    "node_modules/@angular/cli": {
      "version": "15.2.8",
      "resolved": "https://registry.npmjs.org/@angular/cli/-/cli-15.2.8.tgz",
      "integrity": "sha512-3VlTfm6DUZfFHBY43vQSAaqmFTxy3VtRd/iDBCHcEPhHwYLWBvNwReJuJfNja8O105QQ6DBiYVBExEBtPmjQ4w==",
      "dev": true,
      "dependencies": {
        "@angular-devkit/architect": "0.1502.8",
        "@angular-devkit/core": "15.2.8",
        "@angular-devkit/schematics": "15.2.8",
        "@schematics/angular": "15.2.8",
        "@yarnpkg/lockfile": "1.1.0",
        "ansi-colors": "4.1.3",
        "ini": "3.0.1",
        "inquirer": "8.2.4",
        "jsonc-parser": "3.2.0",
        "npm-package-arg": "10.1.0",
        "npm-pick-manifest": "8.0.1",
        "open": "8.4.1",
        "ora": "5.4.1",
        "pacote": "15.1.0",
        "resolve": "1.22.1",
        "semver": "7.3.8",
        "symbol-observable": "4.0.0",
        "yargs": "17.6.2"
      },
      "bin": {
        "ng": "bin/ng.js"
      },
      "engines": {
        "node": "^14.20.0 || ^16.13.0 || >=18.10.0",
        "npm": "^6.11.0 || ^7.5.6 || >=8.0.0",
        "yarn": ">= 1.13.0"
      }
    },
    "node_modules/@angular/common": {
      "version": "15.2.9",
      "resolved": "https://registry.npmjs.org/@angular/common/-/common-15.2.9.tgz",
      "integrity": "sha512-LM9/UHG2dRrOzlu2KovrFwWIziFMjRxHzSP3Igw6Symw/wIl0kXGq8Fn6RpFP78zmLqnv+IQOoRiby9MCXsI4g==",
      "dependencies": {
        "tslib": "^2.3.0"
      },
      "engines": {
        "node": "^14.20.0 || ^16.13.0 || >=18.10.0"
      },
      "peerDependencies": {
        "@angular/core": "15.2.9",
        "rxjs": "^6.5.3 || ^7.4.0"
      }
    },
    "node_modules/@angular/compiler": {
      "version": "15.2.9",
      "resolved": "https://registry.npmjs.org/@angular/compiler/-/compiler-15.2.9.tgz",
      "integrity": "sha512-MoKugbjk+E0wRBj12uvIyDLELlVLonnqjA2+XiF+7FxALIeyds3/qQeEoMmYIqAbN3NnTT5pV92RxWwG4tHFwA==",
      "dependencies": {
        "tslib": "^2.3.0"
      },
      "engines": {
        "node": "^14.20.0 || ^16.13.0 || >=18.10.0"
      },
      "peerDependencies": {
        "@angular/core": "15.2.9"
      },
      "peerDependenciesMeta": {
        "@angular/core": {
          "optional": true
        }
      }
    },
    "node_modules/@angular/compiler-cli": {
      "version": "15.2.9",
      "resolved": "https://registry.npmjs.org/@angular/compiler-cli/-/compiler-cli-15.2.9.tgz",
      "integrity": "sha512-zsbI8G2xHOeYWI0hjFzrI//ZhZV9il/uQW5dAimfwJp06KZDeXZ3PdwY9JQslf6F+saLwOObxy6QMrIVvfjy9w==",
      "dev": true,
      "dependencies": {
        "@babel/core": "7.19.3",
        "@jridgewell/sourcemap-codec": "^1.4.14",
        "chokidar": "^3.0.0",
        "convert-source-map": "^1.5.1",
        "dependency-graph": "^0.11.0",
        "magic-string": "^0.27.0",
        "reflect-metadata": "^0.1.2",
        "semver": "^7.0.0",
        "tslib": "^2.3.0",
        "yargs": "^17.2.1"
      },
      "bin": {
        "ng-xi18n": "bundles/src/bin/ng_xi18n.js",
        "ngc": "bundles/src/bin/ngc.js",
        "ngcc": "bundles/ngcc/main-ngcc.js"
      },
      "engines": {
        "node": "^14.20.0 || ^16.13.0 || >=18.10.0"
      },
      "peerDependencies": {
        "@angular/compiler": "15.2.9",
        "typescript": ">=4.8.2 <5.0"
      }
    },
    "node_modules/@angular/compiler-cli/node_modules/@babel/core": {
      "version": "7.19.3",
      "resolved": "https://registry.npmjs.org/@babel/core/-/core-7.19.3.tgz",
      "integrity": "sha512-WneDJxdsjEvyKtXKsaBGbDeiyOjR5vYq4HcShxnIbG0qixpoHjI3MqeZM9NDvsojNCEBItQE4juOo/bU6e72gQ==",
      "dev": true,
      "dependencies": {
        "@ampproject/remapping": "^2.1.0",
        "@babel/code-frame": "^7.18.6",
        "@babel/generator": "^7.19.3",
        "@babel/helper-compilation-targets": "^7.19.3",
        "@babel/helper-module-transforms": "^7.19.0",
        "@babel/helpers": "^7.19.0",
        "@babel/parser": "^7.19.3",
        "@babel/template": "^7.18.10",
        "@babel/traverse": "^7.19.3",
        "@babel/types": "^7.19.3",
        "convert-source-map": "^1.7.0",
        "debug": "^4.1.0",
        "gensync": "^1.0.0-beta.2",
        "json5": "^2.2.1",
        "semver": "^6.3.0"
      },
      "engines": {
        "node": ">=6.9.0"
      },
      "funding": {
        "type": "opencollective",
        "url": "https://opencollective.com/babel"
      }
    },
    "node_modules/@angular/compiler-cli/node_modules/@babel/core/node_modules/semver": {
      "version": "6.3.0",
      "resolved": "https://registry.npmjs.org/semver/-/semver-6.3.0.tgz",
      "integrity": "sha512-b39TBaTSfV6yBrapU89p5fKekE2m/NwnDocOVruQFS1/veMgdzuPcnOM34M6CwxW8jH/lxEa5rBoDeUwu5HHTw==",
      "dev": true,
      "bin": {
        "semver": "bin/semver.js"
      }
    },
    "node_modules/@angular/compiler-cli/node_modules/magic-string": {
      "version": "0.27.0",
      "resolved": "https://registry.npmjs.org/magic-string/-/magic-string-0.27.0.tgz",
      "integrity": "sha512-8UnnX2PeRAPZuN12svgR9j7M1uWMovg/CEnIwIG0LFkXSJJe4PdfUGiTGl8V9bsBHFUtfVINcSyYxd7q+kx9fA==",
      "dev": true,
      "dependencies": {
        "@jridgewell/sourcemap-codec": "^1.4.13"
      },
      "engines": {
        "node": ">=12"
      }
    },
    "node_modules/@angular/core": {
      "version": "15.2.9",
      "resolved": "https://registry.npmjs.org/@angular/core/-/core-15.2.9.tgz",
      "integrity": "sha512-w46Z1yUXCQfKV7XfnamOoLA2VD0MVUUYVrUjO73mHSskDXSXxfZAEHO9kfUS71Cj35PvhP3mbkqWscpea2WeYg==",
      "dependencies": {
        "tslib": "^2.3.0"
      },
      "engines": {
        "node": "^14.20.0 || ^16.13.0 || >=18.10.0"
      },
      "peerDependencies": {
        "rxjs": "^6.5.3 || ^7.4.0",
        "zone.js": "~0.11.4 || ~0.12.0 || ~0.13.0"
      }
    },
    "node_modules/@angular/fire": {
      "version": "7.6.1",
      "resolved": "https://registry.npmjs.org/@angular/fire/-/fire-7.6.1.tgz",
      "integrity": "sha512-ThNdY6gHprBRkuBDRt9zrYd/Ybl01NWb52GaKCQDmJZhklxelyRskhFhYWeZ0WRD5yhA0WBbRBbpDdfAnMEqgA==",
      "dependencies": {
        "@angular-devkit/schematics": "^12.0.0 || ^13.0.0 || ^14.0.0 || ^15.0.0 || ^16.0.0",
        "@schematics/angular": "^12.0.0 || ^13.0.0 || ^14.0.0 || ^15.0.0 || ^16.0.0",
        "firebase": "^9.8.0",
        "fs-extra": "^8.0.1",
        "fuzzy": "^0.1.3",
        "inquirer": "^8.1.1",
        "inquirer-autocomplete-prompt": "^1.0.1",
        "jsonc-parser": "^3.0.0",
        "node-fetch": "^2.6.1",
        "open": "^8.0.0",
        "ora": "^5.3.0",
        "rxfire": "^6.0.0",
        "semver": "^7.1.3",
        "triple-beam": "^1.3.0",
        "tslib": "^2.0.0",
        "winston": "^3.0.0"
      },
      "peerDependencies": {
        "@angular/common": "^12.0.0 || ^13.0.0 || ^14.0.0 || ^15.0.0 || ^16.0.0",
        "@angular/core": "^12.0.0 || ^13.0.0 || ^14.0.0 || ^15.0.0 || ^16.0.0",
        "@angular/platform-browser": "^12.0.0 || ^13.0.0 || ^14.0.0 || ^15.0.0 || ^16.0.0",
        "@angular/platform-browser-dynamic": "^12.0.0 || ^13.0.0 || ^14.0.0 || ^15.0.0 || ^16.0.0",
        "firebase-tools": "^9.9.0 || ^10.0.0 || ^11.0.0 || ^12.0.0",
        "rxjs": "~6.6.0 || ^7.0.0"
      },
      "peerDependenciesMeta": {
        "firebase-tools": {
          "optional": true
        }
      }
    },
    "node_modules/@angular/forms": {
      "version": "15.2.9",
      "resolved": "https://registry.npmjs.org/@angular/forms/-/forms-15.2.9.tgz",
      "integrity": "sha512-sk0pC2EFi2Ohg5J0q0NYptbT+2WOkoiERSMYA39ncDvlSZBWsNlxpkbGUSck7NIxjK2QfcVN1ldGbHlZTFvtqg==",
      "dependencies": {
        "tslib": "^2.3.0"
      },
      "engines": {
        "node": "^14.20.0 || ^16.13.0 || >=18.10.0"
      },
      "peerDependencies": {
        "@angular/common": "15.2.9",
        "@angular/core": "15.2.9",
        "@angular/platform-browser": "15.2.9",
        "rxjs": "^6.5.3 || ^7.4.0"
      }
    },
    "node_modules/@angular/material": {
      "version": "15.2.9",
      "resolved": "https://registry.npmjs.org/@angular/material/-/material-15.2.9.tgz",
      "integrity": "sha512-emuFF/7+91Jq+6kVCl3FiVoFLtAZoh+woFQWNuK8nhx0HmD4ckLFI8d9a6ERYR3zRuKhq5deSRE2kYsfpjrrsQ==",
      "dependencies": {
        "@material/animation": "15.0.0-canary.684e33d25.0",
        "@material/auto-init": "15.0.0-canary.684e33d25.0",
        "@material/banner": "15.0.0-canary.684e33d25.0",
        "@material/base": "15.0.0-canary.684e33d25.0",
        "@material/button": "15.0.0-canary.684e33d25.0",
        "@material/card": "15.0.0-canary.684e33d25.0",
        "@material/checkbox": "15.0.0-canary.684e33d25.0",
        "@material/chips": "15.0.0-canary.684e33d25.0",
        "@material/circular-progress": "15.0.0-canary.684e33d25.0",
        "@material/data-table": "15.0.0-canary.684e33d25.0",
        "@material/density": "15.0.0-canary.684e33d25.0",
        "@material/dialog": "15.0.0-canary.684e33d25.0",
        "@material/dom": "15.0.0-canary.684e33d25.0",
        "@material/drawer": "15.0.0-canary.684e33d25.0",
        "@material/elevation": "15.0.0-canary.684e33d25.0",
        "@material/fab": "15.0.0-canary.684e33d25.0",
        "@material/feature-targeting": "15.0.0-canary.684e33d25.0",
        "@material/floating-label": "15.0.0-canary.684e33d25.0",
        "@material/form-field": "15.0.0-canary.684e33d25.0",
        "@material/icon-button": "15.0.0-canary.684e33d25.0",
        "@material/image-list": "15.0.0-canary.684e33d25.0",
        "@material/layout-grid": "15.0.0-canary.684e33d25.0",
        "@material/line-ripple": "15.0.0-canary.684e33d25.0",
        "@material/linear-progress": "15.0.0-canary.684e33d25.0",
        "@material/list": "15.0.0-canary.684e33d25.0",
        "@material/menu": "15.0.0-canary.684e33d25.0",
        "@material/menu-surface": "15.0.0-canary.684e33d25.0",
        "@material/notched-outline": "15.0.0-canary.684e33d25.0",
        "@material/radio": "15.0.0-canary.684e33d25.0",
        "@material/ripple": "15.0.0-canary.684e33d25.0",
        "@material/rtl": "15.0.0-canary.684e33d25.0",
        "@material/segmented-button": "15.0.0-canary.684e33d25.0",
        "@material/select": "15.0.0-canary.684e33d25.0",
        "@material/shape": "15.0.0-canary.684e33d25.0",
        "@material/slider": "15.0.0-canary.684e33d25.0",
        "@material/snackbar": "15.0.0-canary.684e33d25.0",
        "@material/switch": "15.0.0-canary.684e33d25.0",
        "@material/tab": "15.0.0-canary.684e33d25.0",
        "@material/tab-bar": "15.0.0-canary.684e33d25.0",
        "@material/tab-indicator": "15.0.0-canary.684e33d25.0",
        "@material/tab-scroller": "15.0.0-canary.684e33d25.0",
        "@material/textfield": "15.0.0-canary.684e33d25.0",
        "@material/theme": "15.0.0-canary.684e33d25.0",
        "@material/tooltip": "15.0.0-canary.684e33d25.0",
        "@material/top-app-bar": "15.0.0-canary.684e33d25.0",
        "@material/touch-target": "15.0.0-canary.684e33d25.0",
        "@material/typography": "15.0.0-canary.684e33d25.0",
        "tslib": "^2.3.0"
      },
      "peerDependencies": {
        "@angular/animations": "^15.0.0 || ^16.0.0",
        "@angular/cdk": "15.2.9",
        "@angular/common": "^15.0.0 || ^16.0.0",
        "@angular/core": "^15.0.0 || ^16.0.0",
        "@angular/forms": "^15.0.0 || ^16.0.0",
        "@angular/platform-browser": "^15.0.0 || ^16.0.0",
        "rxjs": "^6.5.3 || ^7.4.0"
      }
    },
    "node_modules/@angular/platform-browser": {
      "version": "15.2.9",
      "resolved": "https://registry.npmjs.org/@angular/platform-browser/-/platform-browser-15.2.9.tgz",
      "integrity": "sha512-ufCHeSX+U6d43YOMkn3igwfqtlozoCXADcbyfUEG8m2y9XASobqmC